
Microsoft Visual Studio Solution File, Format Version 12.00
# Visual Studio Version 16
VisualStudioVersion = 16.0.31702.278
MinimumVisualStudioVersion = 10.0.40219.1
Project("{FAE04EC0-301F-11D3-BF4B-00C04F79EFBC}") = "WebApplication1", "WebApplication1.csproj", "{A78A7F52-C247-4038-8C79-ED69B0940869}"
EndProject
Global
	GlobalSection(SolutionConfigurationPlatforms) = preSolution
		Debug|Any CPU = Debug|Any CPU
		Release|Any CPU = Release|Any CPU
	EndGlobalSection
	GlobalSection(ProjectConfigurationPlatforms) = postSolution
		{A78A7F52-C247-4038-8C79-ED69B0940869}.Debug|Any CPU.ActiveCfg = Debug|Any CPU
		{A78A7F52-C247-4038-8C79-ED69B0940869}.Debug|Any CPU.Build.0 = Debug|Any CPU
		{A78A7F52-C247-4038-8C79-ED69B0940869}.Release|Any CPU.ActiveCfg = Release|Any CPU
		{A78A7F52-C247-4038-8C79-ED69B0940869}.Release|Any CPU.Build.0 = Release|Any CPU
	EndGlobalSection
	GlobalSection(SolutionProperties) = preSolution
		HideSolutionNode = FALSE
	EndGlobalSection
	GlobalSection(ExtensibilityGlobals) = postSolution
		SolutionGuid = {7307F49B-5488-4D6F-B121-D39D4EA08AD3}
	EndGlobalSection
EndGlobal
